
Microsoft Visual Studio Solution File, Format Version 12.00
# Visual Studio Version 16
VisualStudioVersion = 16.0.30907.101
MinimumVisualStudioVersion = 10.0.40219.1
Project("{9A19103F-16F7-4668-BE54-9A1E7A4F7556}") = "PlantApp", "PlantApp\PlantApp.csproj", "{C40855FF-E905-46CF-AF5A-0C1DFC6AF0AA}"
EndProject
Project("{9A19103F-16F7-4668-BE54-9A1E7A4F7556}") = "PlantApp.Data", "PlantApp.Data\PlantApp.Data.csproj", "{DDA44391-DD70-4D47-9FA0-4E1B55714C09}"
EndProject
Project("{9A19103F-16F7-4668-BE54-9A1E7A4F7556}") = "PlantApp.Data.Models", "PlantApp.Data.Models\PlantApp.Data.Models.csproj", "{047DB470-6121-4900-9209-76384A9CB977}"
EndProject
Project("{9A19103F-16F7-4668-BE54-9A1E7A4F7556}") = "PlantApp.Services", "PlantApp.Services\PlantApp.Services.csproj", "{7634A26C-AB72-4239-BC23-24044F224D12}"
EndProject
Project("{9A19103F-16F7-4668-BE54-9A1E7A4F7556}") = "PlantApp.ViewModels", "PlantApp.ViewModels\PlantApp.ViewModels.csproj", "{E29FFB7D-AF44-4D1C-B497-3A12B01D69C0}"
EndProject
Project("{FAE04EC0-301F-11D3-BF4B-00C04F79EFBC}") = "PlantApp.Tests", "PlantApp.Tests\PlantApp.Tests.csproj", "{18D51555-B1AD-4408-B360-53F2E30707CF}"
EndProject
Global
	GlobalSection(SolutionConfigurationPlatforms) = preSolution
		Debug|Any CPU = Debug|Any CPU
		Release|Any CPU = Release|Any CPU
	EndGlobalSection
	GlobalSection(ProjectConfigurationPlatforms) = postSolution
		{C40855FF-E905-46CF-AF5A-0C1DFC6AF0AA}.Debug|Any CPU.ActiveCfg = Debug|Any CPU
		{C40855FF-E905-46CF-AF5A-0C1DFC6AF0AA}.Debug|Any CPU.Build.0 = Debug|Any CPU
		{C40855FF-E905-46CF-AF5A-0C1DFC6AF0AA}.Release|Any CPU.ActiveCfg = Release|Any CPU
		{C40855FF-E905-46CF-AF5A-0C1DFC6AF0AA}.Release|Any CPU.Build.0 = Release|Any CPU
		{DDA44391-DD70-4D47-9FA0-4E1B55714C09}.Debug|Any CPU.ActiveCfg = Debug|Any CPU
		{DDA44391-DD70-4D47-9FA0-4E1B55714C09}.Debug|Any CPU.Build.0 = Debug|Any CPU
		{DDA44391-DD70-4D47-9FA0-4E1B55714C09}.Release|Any CPU.ActiveCfg = Release|Any CPU
		{DDA44391-DD70-4D47-9FA0-4E1B55714C09}.Release|Any CPU.Build.0 = Release|Any CPU
		{047DB470-6121-4900-9209-76384A9CB977}.Debug|Any CPU.ActiveCfg = Debug|Any CPU
		{047DB470-6121-4900-9209-76384A9CB977}.Debug|Any CPU.Build.0 = Debug|Any CPU
		{047DB470-6121-4900-9209-76384A9CB977}.Release|Any CPU.ActiveCfg = Release|Any CPU
		{047DB470-6121-4900-9209-76384A9CB977}.Release|Any CPU.Build.0 = Release|Any CPU
		{7634A26C-AB72-4239-BC23-24044F224D12}.Debug|Any CPU.ActiveCfg = Debug|Any CPU
		{7634A26C-AB72-4239-BC23-24044F224D12}.Debug|Any CPU.Build.0 = Debug|Any CPU
		{7634A26C-AB72-4239-BC23-24044F224D12}.Release|Any CPU.ActiveCfg = Release|Any CPU
		{7634A26C-AB72-4239-BC23-24044F224D12}.Release|Any CPU.Build.0 = Release|Any CPU
		{E29FFB7D-AF44-4D1C-B497-3A12B01D69C0}.Debug|Any CPU.ActiveCfg = Debug|Any CPU
		{E29FFB7D-AF44-4D1C-B497-3A12B01D69C0}.Debug|Any CPU.Build.0 = Debug|Any CPU
		{E29FFB7D-AF44-4D1C-B497-3A12B01D69C0}.Release|Any CPU.ActiveCfg = Release|Any CPU
		{E29FFB7D-AF44-4D1C-B497-3A12B01D69C0}.Release|Any CPU.Build.0 = Release|Any CPU
		{18D51555-B1AD-4408-B360-53F2E30707CF}.Debug|Any CPU.ActiveCfg = Debug|Any CPU
		{18D51555-B1AD-4408-B360-53F2E30707CF}.Debug|Any CPU.Build.0 = Debug|Any CPU
		{18D51555-B1AD-4408-B360-53F2E30707CF}.Release|Any CPU.ActiveCfg = Release|Any CPU
		{18D51555-B1AD-4408-B360-53F2E30707CF}.Release|Any CPU.Build.0 = Release|Any CPU
	EndGlobalSection
	GlobalSection(SolutionProperties) = preSolution
		HideSolutionNode = FALSE
	EndGlobalSection
	GlobalSection(ExtensibilityGlobals) = postSolution
		SolutionGuid = {CABBDCCB-94C0-4AA4-8365-7F4CA3FCAF21}
	EndGlobalSection
EndGlobal
